{
  "name": "@fengyu/plugin-cli",
  "version": "1.0.0",
  "lockfileVersion": 3,
  "requires": true,
  "packages": {
    "": {
      "name": "@fengyu/plugin-cli",
      "version": "1.0.0",
      "license": "GPL-3.0",
      "bin": {
        "fengyu": "bin/fengyu.mjs"
      },
      "engines": {
        "node": ">=20"
      }
    }
  }
}
